
Microsoft Visual Studio Solution File, Format Version 12.00
# Visual Studio Version 17
VisualStudioVersion = 17.9.34728.123
MinimumVisualStudioVersion = 10.0.40219.1
Project("{FAE04EC0-301F-11D3-BF4B-00C04F79EFBC}") = "Byway.API", "Byway.API\Byway.API.csproj", "{EFFD5233-45BC-4B38-95E3-67A76B826E7C}"
EndProject
Project("{FAE04EC0-301F-11D3-BF4B-00C04F79EFBC}") = "Byway.Application", "Byway.Application\Byway.Application.csproj", "{7E278A49-A614-4AFE-BBF3-AAE64DCC7F87}"
EndProject
Project("{FAE04EC0-301F-11D3-BF4B-00C04F79EFBC}") = "Byway.Domain", "Byway.Domain\Byway.Domain.csproj", "{AFD8C8CA-F89C-4683-BE9E-797796F26639}"
EndProject
Project("{FAE04EC0-301F-11D3-BF4B-00C04F79EFBC}") = "Byway.Infrastructure", "Byway.Infrastructure\Byway.Infrastructure.csproj", "{4D59278A-B3E3-4682-91C8-5D66668AEE1F}"
EndProject
Project("{FAE04EC0-301F-11D3-BF4B-00C04F79EFBC}") = "Byway.Shared", "Byway.Shared\Byway.Shared.csproj", "{55F1A03B-87A0-4617-A636-EDE67B20DB1C}"
EndProject
Global
	GlobalSection(SolutionConfigurationPlatforms) = preSolution
		Debug|Any CPU = Debug|Any CPU
		Release|Any CPU = Release|Any CPU
	EndGlobalSection
	GlobalSection(ProjectConfigurationPlatforms) = postSolution
		{EFFD5233-45BC-4B38-95E3-67A76B826E7C}.Debug|Any CPU.ActiveCfg = Debug|Any CPU
		{EFFD5233-45BC-4B38-95E3-67A76B826E7C}.Debug|Any CPU.Build.0 = Debug|Any CPU
		{EFFD5233-45BC-4B38-95E3-67A76B826E7C}.Release|Any CPU.ActiveCfg = Release|Any CPU
		{EFFD5233-45BC-4B38-95E3-67A76B826E7C}.Release|Any CPU.Build.0 = Release|Any CPU
		{7E278A49-A614-4AFE-BBF3-AAE64DCC7F87}.Debug|Any CPU.ActiveCfg = Debug|Any CPU
		{7E278A49-A614-4AFE-BBF3-AAE64DCC7F87}.Debug|Any CPU.Build.0 = Debug|Any CPU
		{7E278A49-A614-4AFE-BBF3-AAE64DCC7F87}.Release|Any CPU.ActiveCfg = Release|Any CPU
		{7E278A49-A614-4AFE-BBF3-AAE64DCC7F87}.Release|Any CPU.Build.0 = Release|Any CPU
		{AFD8C8CA-F89C-4683-BE9E-797796F26639}.Debug|Any CPU.ActiveCfg = Debug|Any CPU
		{AFD8C8CA-F89C-4683-BE9E-797796F26639}.Debug|Any CPU.Build.0 = Debug|Any CPU
		{AFD8C8CA-F89C-4683-BE9E-797796F26639}.Release|Any CPU.ActiveCfg = Release|Any CPU
		{AFD8C8CA-F89C-4683-BE9E-797796F26639}.Release|Any CPU.Build.0 = Release|Any CPU
		{4D59278A-B3E3-4682-91C8-5D66668AEE1F}.Debug|Any CPU.ActiveCfg = Debug|Any CPU
		{4D59278A-B3E3-4682-91C8-5D66668AEE1F}.Debug|Any CPU.Build.0 = Debug|Any CPU
		{4D59278A-B3E3-4682-91C8-5D66668AEE1F}.Release|Any CPU.ActiveCfg = Release|Any CPU
		{4D59278A-B3E3-4682-91C8-5D66668AEE1F}.Release|Any CPU.Build.0 = Release|Any CPU
		{55F1A03B-87A0-4617-A636-EDE67B20DB1C}.Debug|Any CPU.ActiveCfg = Debug|Any CPU
		{55F1A03B-87A0-4617-A636-EDE67B20DB1C}.Debug|Any CPU.Build.0 = Debug|Any CPU
		{55F1A03B-87A0-4617-A636-EDE67B20DB1C}.Release|Any CPU.ActiveCfg = Release|Any CPU
		{55F1A03B-87A0-4617-A636-EDE67B20DB1C}.Release|Any CPU.Build.0 = Release|Any CPU
	EndGlobalSection
	GlobalSection(SolutionProperties) = preSolution
		HideSolutionNode = FALSE
	EndGlobalSection
	GlobalSection(ExtensibilityGlobals) = postSolution
		SolutionGuid = {FC4A64A8-D784-4AEC-9BE1-D389101800B1}
	EndGlobalSection
EndGlobal
